{
    "_readme": [
        "This file locks the dependencies of your project to a known state",
        "Read more about it at http://getcomposer.org/doc/01-basic-usage.md#composer-lock-the-lock-file",
        "This file is @generated automatically"
    ],
    "hash": "ed976a0d7d3f851d990433c1ec3a73f2",
    "packages": [
        {
            "name": "abeautifulsite/jquery-minicolors",
            "version": "dev-master",
            "source": {
                "type": "git",
                "url": "https://github.com/claviska/jquery-minicolors.git",
                "reference": "c4aa3dffa348ff5c76565340901290201e91eee1"
            },
            "dist": {
                "type": "zip",
                "url": "https://api.github.com/repos/claviska/jquery-minicolors/zipball/c4aa3dffa348ff5c76565340901290201e91eee1",
                "reference": "c4aa3dffa348ff5c76565340901290201e91eee1",
                "shasum": ""
            },
            "type": "component",
            "extra": {
                "component": {
                    "scripts": [
                        "jquery.minicolors.js"
                    ],
                    "files": [
                        "jquery.minicolors.js",
                        "jquery.minicolors.min.js",
                        "jquery.minicolors.css",
                        "jquery.minicolors.png"
                    ]
                }
            },
            "notification-url": "https://packagist.org/downloads/",
            "license": [
                "MIT"
            ],
            "description": "jQuery MiniColors Plugin",
            "homepage": "http://www.abeautifulsite.net/",
            "time": "2014-09-11 13:14:06"
        },
        {
            "name": "elasticsearch/elasticsearch",
            "version": "v1.2.2",
            "source": {
                "type": "git",
                "url": "https://github.com/elasticsearch/elasticsearch-php.git",
                "reference": "3a677634a46d01882f57dc634eb9ac0e10adfb77"
            },
            "dist": {
                "type": "zip",
                "url": "https://api.github.com/repos/elasticsearch/elasticsearch-php/zipball/3a677634a46d01882f57dc634eb9ac0e10adfb77",
                "reference": "3a677634a46d01882f57dc634eb9ac0e10adfb77",
                "shasum": ""
            },
            "require": {
                "ext-curl": "*",
                "guzzle/http": "~3.7",
                "monolog/monolog": "~1.5",
                "php": ">=5.3.9",
                "pimple/pimple": "~2.1",
                "psr/log": "~1.0"
            },
            "require-dev": {
                "athletic/athletic": "~0.1",
                "cpliakas/git-wrapper": "~1.0",
                "mikey179/vfsstream": "~1.2",
                "mockery/mockery": "dev-master@dev",
                "phpunit/phpunit": "3.7.*",
                "satooshi/php-coveralls": "dev-master",
                "symfony/yaml": "2.4.3 as 2.4.2",
                "twig/twig": "1.*"
            },
            "type": "library",
            "autoload": {
                "psr-0": {
                    "Elasticsearch": "src/",
                    "Elasticsearch\\Tests": "tests/",
                    "Elasticsearch\\Benchmarks": "benchmarks/"
                }
            },
            "notification-url": "https://packagist.org/downloads/",
            "license": [
                "Apache 2"
            ],
            "authors": [
                {
                    "name": "Zachary Tong"
                }
            ],
            "description": "PHP Client for Elasticsearch",
            "keywords": [
                "client",
                "elasticsearch",
                "search"
            ],
            "time": "2014-08-06 16:04:48"
        },
        {
            "name": "guzzle/guzzle",
            "version": "dev-master",
            "source": {
                "type": "git",
                "url": "https://github.com/guzzle/guzzle3.git",
                "reference": "3c0ca2255751631f1dd64eb16bbe3b9440258297"
            },
            "dist": {
                "type": "zip",
                "url": "https://api.github.com/repos/guzzle/guzzle3/zipball/3c0ca2255751631f1dd64eb16bbe3b9440258297",
                "reference": "3c0ca2255751631f1dd64eb16bbe3b9440258297",
                "shasum": ""
            },
            "require": {
                "ext-curl": "*",
                "php": ">=5.3.3",
                "symfony/event-dispatcher": "~2.1"
            },
            "replace": {
                "guzzle/batch": "self.version",
                "guzzle/cache": "self.version",
                "guzzle/common": "self.version",
                "guzzle/http": "self.version",
                "guzzle/inflection": "self.version",
                "guzzle/iterator": "self.version",
                "guzzle/log": "self.version",
                "guzzle/parser": "self.version",
                "guzzle/plugin": "self.version",
                "guzzle/plugin-async": "self.version",
                "guzzle/plugin-backoff": "self.version",
                "guzzle/plugin-cache": "self.version",
                "guzzle/plugin-cookie": "self.version",
                "guzzle/plugin-curlauth": "self.version",
                "guzzle/plugin-error-response": "self.version",
                "guzzle/plugin-history": "self.version",
                "guzzle/plugin-log": "self.version",
                "guzzle/plugin-md5": "self.version",
                "guzzle/plugin-mock": "self.version",
                "guzzle/plugin-oauth": "self.version",
                "guzzle/service": "self.version",
                "guzzle/stream": "self.version"
            },
            "require-dev": {
                "doctrine/cache": "~1.3",
                "monolog/monolog": "~1.0",
                "phpunit/phpunit": "3.7.*",
                "psr/log": "~1.0",
                "symfony/class-loader": "~2.1",
                "zendframework/zend-cache": "2.*,<2.3",
                "zendframework/zend-log": "2.*,<2.3"
            },
            "type": "library",
            "extra": {
                "branch-alias": {
                    "dev-master": "3.9-dev"
                }
            },
            "autoload": {
                "psr-0": {
                    "Guzzle": "src/",
                    "Guzzle\\Tests": "tests/"
                }
            },
            "notification-url": "https://packagist.org/downloads/",
            "license": [
                "MIT"
            ],
            "authors": [
                {
                    "name": "Michael Dowling",
                    "email": "mtdowling@gmail.com",
                    "homepage": "https://github.com/mtdowling"
                },
                {
                    "name": "Guzzle Community",
                    "homepage": "https://github.com/guzzle/guzzle/contributors"
                }
            ],
            "description": "Guzzle is a PHP HTTP client library and framework for building RESTful web service clients",
            "homepage": "http://guzzlephp.org/",
            "keywords": [
                "client",
                "curl",
                "framework",
                "http",
                "http client",
                "rest",
                "web service"
            ],
            "time": "2014-10-15 19:36:56"
        },
        {
            "name": "kramnorth/cinemr-php-sdk",
            "version": "dev-master",
            "source": {
                "type": "git",
                "url": "https://github.com/kramnorth/cinemr-php-sdk.git",
                "reference": "da774563a3957536590f792319b39be46d9d7e3b"
            },
            "dist": {
                "type": "zip",
                "url": "https://api.github.com/repos/kramnorth/cinemr-php-sdk/zipball/da774563a3957536590f792319b39be46d9d7e3b",
                "reference": "da774563a3957536590f792319b39be46d9d7e3b",
                "shasum": ""
            },
            "type": "library",
            "autoload": {
                "files": [
                    "cinemr.php"
                ]
            },
            "notification-url": "https://packagist.org/downloads/",
            "license": [
                "Apache-2.0"
            ],
            "description": "A PHP SDK for cinemr integration",
            "time": "2014-07-08 13:57:00"
        },
        {
            "name": "minds/minds-php-sdk",
            "version": "dev-master",
            "source": {
                "type": "git",
                "url": "git@github.com:minds/minds-php-sdk.git",
                "reference": "4d9ec92b8f9e00b80ae4e12a79735a5545408714"
            },
            "dist": {
                "type": "zip",
                "url": "https://api.github.com/repos/minds/minds-php-sdk/zipball/4d9ec92b8f9e00b80ae4e12a79735a5545408714",
                "reference": "4d9ec92b8f9e00b80ae4e12a79735a5545408714",
                "shasum": ""
            },
            "require": {
                "ext-curl": "*",
                "ext-json": "*",
                "php": ">=5.2.0"
            },
            "type": "library",
            "autoload": {
                "classmap": [
                    "src"
                ]
            },
            "description": "Minds PHP SDK",
            "support": {
                "source": "https://github.com/minds/minds-php-sdk/tree/master",
                "issues": "https://github.com/minds/minds-php-sdk/issues"
            },
            "time": "2014-10-15 09:57:21"
        },
        {
            "name": "monolog/monolog",
            "version": "dev-master",
            "source": {
                "type": "git",
                "url": "https://github.com/Seldaek/monolog.git",
                "reference": "b738a6c04c5fcc9e304d72f287e25256439fd13e"
            },
            "dist": {
                "type": "zip",
                "url": "https://api.github.com/repos/Seldaek/monolog/zipball/b738a6c04c5fcc9e304d72f287e25256439fd13e",
                "reference": "b738a6c04c5fcc9e304d72f287e25256439fd13e",
                "shasum": ""
            },
            "require": {
                "php": ">=5.3.0",
                "psr/log": "~1.0"
            },
            "provide": {
                "psr/log-implementation": "1.0.0"
            },
            "require-dev": {
                "aws/aws-sdk-php": "~2.4, >2.4.8",
                "doctrine/couchdb": "~1.0@dev",
                "graylog2/gelf-php": "~1.0",
                "phpunit/phpunit": "~3.7.0",
                "raven/raven": "~0.5",
                "ruflin/elastica": "0.90.*",
                "videlalvaro/php-amqplib": "~2.4"
            },
            "suggest": {
                "aws/aws-sdk-php": "Allow sending log messages to AWS services like DynamoDB",
                "doctrine/couchdb": "Allow sending log messages to a CouchDB server",
                "ext-amqp": "Allow sending log messages to an AMQP server (1.0+ required)",
                "ext-mongo": "Allow sending log messages to a MongoDB server",
                "graylog2/gelf-php": "Allow sending log messages to a GrayLog2 server",
                "raven/raven": "Allow sending log messages to a Sentry server",
                "rollbar/rollbar": "Allow sending log messages to Rollbar",
                "ruflin/elastica": "Allow sending log messages to an Elastic Search server",
                "videlalvaro/php-amqplib": "Allow sending log messages to an AMQP server using php-amqplib"
            },
            "type": "library",
            "extra": {
                "branch-alias": {
                    "dev-master": "1.11.x-dev"
                }
            },
            "autoload": {
                "psr-4": {
                    "Monolog\\": "src/Monolog"
                }
            },
            "notification-url": "https://packagist.org/downloads/",
            "license": [
                "MIT"
            ],
            "authors": [
                {
                    "name": "Jordi Boggiano",
                    "email": "j.boggiano@seld.be",
                    "homepage": "http://seld.be"
                }
            ],
            "description": "Sends your logs to files, sockets, inboxes, databases and various web services",
            "homepage": "http://github.com/Seldaek/monolog",
            "keywords": [
                "log",
                "logging",
                "psr-3"
            ],
            "time": "2014-10-17 18:12:45"
        },
        {
            "name": "paypal/rest-api-sdk-php",
            "version": "dev-master",
            "source": {
                "type": "git",
                "url": "https://github.com/paypal/rest-api-sdk-php.git",
                "reference": "9b3b82922094660d63b6b13e4ae8cbca5a8ef210"
            },
            "dist": {
                "type": "zip",
                "url": "https://api.github.com/repos/paypal/rest-api-sdk-php/zipball/9b3b82922094660d63b6b13e4ae8cbca5a8ef210",
                "reference": "9b3b82922094660d63b6b13e4ae8cbca5a8ef210",
                "shasum": ""
            },
            "require": {
                "ext-curl": "*",
                "ext-json": "*",
                "php": ">=5.3.0"
            },
            "require-dev": {
                "phpunit/phpunit": "3.7.*"
            },
            "type": "library",
            "autoload": {
                "psr-0": {
                    "PayPal": "lib/"
                }
            },
            "notification-url": "https://packagist.org/downloads/",
            "license": [
                "Apache2"
            ],
            "authors": [
                {
                    "name": "PayPal",
                    "homepage": "https://github.com/paypal/rest-api-sdk-php/contributors"
                }
            ],
            "description": "PayPal's PHP SDK for REST APIs",
            "homepage": "https://github.com/paypal/rest-api-sdk-php",
            "keywords": [
                "payments",
                "paypal",
                "rest",
                "sdk"
            ],
            "time": "2014-10-16 14:57:07"
        },
        {
            "name": "pimple/pimple",
            "version": "v2.1.1",
            "source": {
                "type": "git",
                "url": "https://github.com/fabpot/Pimple.git",
                "reference": "ea22fb2880faf7b7b0e17c9809c6fe25b071fd76"
            },
            "dist": {
                "type": "zip",
                "url": "https://api.github.com/repos/fabpot/Pimple/zipball/ea22fb2880faf7b7b0e17c9809c6fe25b071fd76",
                "reference": "ea22fb2880faf7b7b0e17c9809c6fe25b071fd76",
                "shasum": ""
            },
            "require": {
                "php": ">=5.3.0"
            },
            "type": "library",
            "extra": {
                "branch-alias": {
                    "dev-master": "2.1.x-dev"
                }
            },
            "autoload": {
                "psr-0": {
                    "Pimple": "src/"
                }
            },
            "notification-url": "https://packagist.org/downloads/",
            "license": [
                "MIT"
            ],
            "authors": [
                {
                    "name": "Fabien Potencier",
                    "email": "fabien@symfony.com"
                }
            ],
            "description": "Pimple is a simple Dependency Injection Container for PHP 5.3",
            "homepage": "http://pimple.sensiolabs.org",
            "keywords": [
                "container",
                "dependency injection"
            ],
            "time": "2014-07-24 07:10:08"
        },
        {
            "name": "psr/log",
            "version": "dev-master",
            "source": {
                "type": "git",
                "url": "https://github.com/php-fig/log.git",
                "reference": "a78d6504ff5d4367497785ab2ade91db3a9fbe11"
            },
            "dist": {
                "type": "zip",
                "url": "https://api.github.com/repos/php-fig/log/zipball/a78d6504ff5d4367497785ab2ade91db3a9fbe11",
                "reference": "a78d6504ff5d4367497785ab2ade91db3a9fbe11",
                "shasum": ""
            },
            "type": "library",
            "extra": {
                "branch-alias": {
                    "dev-master": "1.0.x-dev"
                }
            },
            "autoload": {
                "psr-0": {
                    "Psr\\Log\\": ""
                }
            },
            "notification-url": "https://packagist.org/downloads/",
            "license": [
                "MIT"
            ],
            "authors": [
                {
                    "name": "PHP-FIG",
                    "homepage": "http://www.php-fig.org/"
                }
            ],
            "description": "Common interface for logging libraries",
            "keywords": [
                "log",
                "psr",
                "psr-3"
            ],
            "time": "2014-01-18 15:33:09"
        },
        {
            "name": "symfony/event-dispatcher",
            "version": "dev-master",
            "target-dir": "Symfony/Component/EventDispatcher",
            "source": {
                "type": "git",
                "url": "https://github.com/symfony/EventDispatcher.git",
                "reference": "e133748fd9165e24f8e9498ef5862f8bd37004e5"
            },
            "dist": {
                "type": "zip",
                "url": "https://api.github.com/repos/symfony/EventDispatcher/zipball/e133748fd9165e24f8e9498ef5862f8bd37004e5",
                "reference": "e133748fd9165e24f8e9498ef5862f8bd37004e5",
                "shasum": ""
            },
            "require": {
                "php": ">=5.3.3"
            },
            "require-dev": {
                "psr/log": "~1.0",
                "symfony/config": "~2.0",
                "symfony/dependency-injection": "~2.6",
                "symfony/expression-language": "~2.6",
                "symfony/stopwatch": "~2.2"
            },
            "suggest": {
                "symfony/dependency-injection": "",
                "symfony/http-kernel": ""
            },
            "type": "library",
            "extra": {
                "branch-alias": {
                    "dev-master": "2.6-dev"
                }
            },
            "autoload": {
                "psr-0": {
                    "Symfony\\Component\\EventDispatcher\\": ""
                }
            },
            "notification-url": "https://packagist.org/downloads/",
            "license": [
                "MIT"
            ],
            "authors": [
                {
                    "name": "Symfony Community",
                    "homepage": "http://symfony.com/contributors"
                },
                {
                    "name": "Fabien Potencier",
                    "email": "fabien@symfony.com"
                }
            ],
            "description": "Symfony EventDispatcher Component",
            "homepage": "http://symfony.com",
            "time": "2014-10-04 06:08:58"
        },
        {
            "name": "thobbs/phpcassa",
            "version": "dev-master",
            "source": {
                "type": "git",
                "url": "https://github.com/thobbs/phpcassa.git",
                "reference": "5d90e13f1c7593fb023025f45f0769874a968277"
            },
            "dist": {
                "type": "zip",
                "url": "https://api.github.com/repos/thobbs/phpcassa/zipball/5d90e13f1c7593fb023025f45f0769874a968277",
                "reference": "5d90e13f1c7593fb023025f45f0769874a968277",
                "shasum": ""
            },
            "require": {
                "php": ">=5.3.0"
            },
            "suggest": {
                "ext-thrift_protocol": "Enabling the thrift protocol extension is crucial for phpcassa's performance"
            },
            "type": "library",
            "autoload": {
                "files": [
                    "lib/autoload.php"
                ]
            },
            "notification-url": "https://packagist.org/downloads/",
            "license": [
                "MIT"
            ],
            "authors": [
                {
                    "name": "Tyler Hobbs",
                    "homepage": "https://github.com/thobbs/phpcassa"
                }
            ],
            "description": "PHP Cassandra Library",
            "homepage": "https://github.com/thobbs/phpcassa",
            "keywords": [
                "cassandra"
            ],
            "time": "2014-04-09 17:14:24"
        },
        {
            "name": "twilio/sdk",
            "version": "dev-master",
            "source": {
                "type": "git",
                "url": "https://github.com/twilio/twilio-php.git",
                "reference": "a876df2cd5bc873beb450a56e6e410680a5b4e4c"
            },
            "dist": {
                "type": "zip",
                "url": "https://api.github.com/repos/twilio/twilio-php/zipball/a876df2cd5bc873beb450a56e6e410680a5b4e4c",
                "reference": "a876df2cd5bc873beb450a56e6e410680a5b4e4c",
                "shasum": ""
            },
            "require": {
                "php": ">=5.2.1"
            },
            "require-dev": {
                "mockery/mockery": ">=0.7.2",
                "phpunit/phpunit": "3.7.*"
            },
            "type": "library",
            "autoload": {
                "psr-0": {
                    "Services_Twilio": ""
                }
            },
            "notification-url": "https://packagist.org/downloads/",
            "license": [
                "MIT"
            ],
            "authors": [
                {
                    "name": "Kevin Burke",
                    "email": "kevin@twilio.com"
                },
                {
                    "name": "Kyle Conroy",
                    "email": "kyle+pear@twilio.com"
                }
            ],
            "description": "A PHP wrapper for Twilio's API",
            "homepage": "http://github.com/twilio/twilio-php",
            "keywords": [
                "api",
                "sms",
                "twilio"
            ],
            "time": "2014-07-15 17:50:20"
        }
    ],
    "packages-dev": [

    ],
    "aliases": [

    ],
    "minimum-stability": "dev",
    "stability-flags": [

    ],
    "platform": [

    ],
    "platform-dev": [

    ]
}
